// !$*UTF8*$!
{
	archiveVersion = 1;
	classes = {
	};
	objectVersion = 46;
	objects = {

/* Begin PBXBuildFile section */
		3F294E111F7D363800788ABC /* AppDelegate.swift in Sources */ = {isa = PBXBuildFile; fileRef = 3F294E101F7D363800788ABC /* AppDelegate.swift */; };
		3F294E131F7D363800788ABC /* ViewController.swift in Sources */ = {isa = PBXBuildFile; fileRef = 3F294E121F7D363800788ABC /* ViewController.swift */; };
		3F294E181F7D363800788ABC /* Assets.xcassets in Resources */ = {isa = PBXBuildFile; fileRef = 3F294E171F7D363800788ABC /* Assets.xcassets */; };
		3F294E261F7FDC0D00788ABC /* contactList.storyboard in Resources */ = {isa = PBXBuildFile; fileRef = 3F294E251F7FDC0D00788ABC /* contactList.storyboard */; };
		3F294E291F7FE8B200788ABC /* WJContactListController.swift in Sources */ = {isa = PBXBuildFile; fileRef = 3F294E281F7FE8B200788ABC /* WJContactListController.swift */; };
		3F294E2B1F7FE8D700788ABC /* WJContactorDetailsController.swift in Sources */ = {isa = PBXBuildFile; fileRef = 3F294E2A1F7FE8D700788ABC /* WJContactorDetailsController.swift */; };
		3F294E2D1F7FEB4100788ABC /* ContactorModel.swift in Sources */ = {isa = PBXBuildFile; fileRef = 3F294E2C1F7FEB4100788ABC /* ContactorModel.swift */; };
		3F294E2F1F8096D700788ABC /* LaunchScreen.storyboard in Resources */ = {isa = PBXBuildFile; fileRef = 3F294E2E1F8096D700788ABC /* LaunchScreen.storyboard */; };
		3F294E331F80999700788ABC /* Main.storyboard in Resources */ = {isa = PBXBuildFile; fileRef = 3F294E321F80999700788ABC /* Main.storyboard */; };
/* End PBXBuildFile section */

/* Begin PBXFileReference section */
		3F294E0D1F7D363800788ABC /* swiftDemo.app */ = {isa = PBXFileReference; explicitFileType = wrapper.application; includeInIndex = 0; path = swiftDemo.app; sourceTree = BUILT_PRODUCTS_DIR; };
		3F294E101F7D363800788ABC /* AppDelegate.swift */ = {isa = PBXFileReference; lastKnownFileType = sourcecode.swift; path = AppDelegate.swift; sourceTree = "<group>"; };
		3F294E121F7D363800788ABC /* ViewController.swift */ = {isa = PBXFileReference; lastKnownFileType = sourcecode.swift; path = ViewController.swift; sourceTree = "<group>"; };
		3F294E171F7D363800788ABC /* Assets.xcassets */ = {isa = PBXFileReference; lastKnownFileType = folder.assetcatalog; path = Assets.xcassets; sourceTree = "<group>"; };
		3F294E1C1F7D363800788ABC /* Info.plist */ = {isa = PBXFileReference; lastKnownFileType = text.plist.xml; path = Info.plist; sourceTree = "<group>"; };
		3F294E221F7F5FDC00788ABC /* 用运行时获取属性名称.playground */ = {isa = PBXFileReference; lastKnownFileType = file.playground; path = "用运行时获取属性名称.playground"; sourceTree = "<group>"; };
		3F294E231F7F8AFF00788ABC /* 构造函数.playground */ = {isa = PBXFileReference; lastKnownFileType = file.playground; path = "构造函数.playground"; sourceTree = "<group>"; };
		3F294E241F7FBEB500788ABC /* 闭包.playground */ = {isa = PBXFileReference; lastKnownFileType = file.playground; path = "闭包.playground"; sourceTree = "<group>"; };
		3F294E251F7FDC0D00788ABC /* contactList.storyboard */ = {isa = PBXFileReference; fileEncoding = 4; lastKnownFileType = file.storyboard; path = contactList.storyboard; sourceTree = "<group>"; };
		3F294E281F7FE8B200788ABC /* WJContactListController.swift */ = {isa = PBXFileReference; fileEncoding = 4; lastKnownFileType = sourcecode.swift; path = WJContactListController.swift; sourceTree = "<group>"; };
		3F294E2A1F7FE8D700788ABC /* WJContactorDetailsController.swift */ = {isa = PBXFileReference; fileEncoding = 4; lastKnownFileType = sourcecode.swift; path = WJContactorDetailsController.swift; sourceTree = "<group>"; };
		3F294E2C1F7FEB4100788ABC /* ContactorModel.swift */ = {isa = PBXFileReference; fileEncoding = 4; lastKnownFileType = sourcecode.swift; path = ContactorModel.swift; sourceTree = "<group>"; };
		3F294E2E1F8096D700788ABC /* LaunchScreen.storyboard */ = {isa = PBXFileReference; fileEncoding = 4; lastKnownFileType = file.storyboard; path = LaunchScreen.storyboard; sourceTree = "<group>"; };
		3F294E321F80999700788ABC /* Main.storyboard */ = {isa = PBXFileReference; fileEncoding = 4; lastKnownFileType = file.storyboard; path = Main.storyboard; sourceTree = "<group>"; };
		3F294E7E1F80E4F400788ABC /* 命名空间和反射机制.playground */ = {isa = PBXFileReference; lastKnownFileType = file.playground; path = "命名空间和反射机制.playground"; sourceTree = "<group>"; };
/* End PBXFileReference section */

/* Begin PBXFrameworksBuildPhase section */
		3F294E0A1F7D363800788ABC /* Frameworks */ = {
			isa = PBXFrameworksBuildPhase;
			buildActionMask = 2147483647;
			files = (
			);
			runOnlyForDeploymentPostprocessing = 0;
		};
/* End PBXFrameworksBuildPhase section */

/* Begin PBXGroup section */
		3F294E041F7D363800788ABC = {
			isa = PBXGroup;
			children = (
				3F294E7E1F80E4F400788ABC /* 命名空间和反射机制.playground */,
				3F294E241F7FBEB500788ABC /* 闭包.playground */,
				3F294E231F7F8AFF00788ABC /* 构造函数.playground */,
				3F294E221F7F5FDC00788ABC /* 用运行时获取属性名称.playground */,
				3F294E0F1F7D363800788ABC /* swiftDemo */,
				3F294E0E1F7D363800788ABC /* Products */,
			);
			sourceTree = "<group>";
		};
		3F294E0E1F7D363800788ABC /* Products */ = {
			isa = PBXGroup;
			children = (
				3F294E0D1F7D363800788ABC /* swiftDemo.app */,
			);
			name = Products;
			sourceTree = "<group>";
		};
		3F294E0F1F7D363800788ABC /* swiftDemo */ = {
			isa = PBXGroup;
			children = (
				3F294E271F7FE87A00788ABC /* 简易通讯录 */,
				3F294E101F7D363800788ABC /* AppDelegate.swift */,
				3F294E121F7D363800788ABC /* ViewController.swift */,
				3F294E2E1F8096D700788ABC /* LaunchScreen.storyboard */,
				3F294E321F80999700788ABC /* Main.storyboard */,
				3F294E171F7D363800788ABC /* Assets.xcassets */,
				3F294E1C1F7D363800788ABC /* Info.plist */,
			);
			path = swiftDemo;
			sourceTree = "<group>";
		};
		3F294E271F7FE87A00788ABC /* 简易通讯录 */ = {
			isa = PBXGroup;
			children = (
				3F294E281F7FE8B200788ABC /* WJContactListController.swift */,
				3F294E2A1F7FE8D700788ABC /* WJContactorDetailsController.swift */,
				3F294E2C1F7FEB4100788ABC /* ContactorModel.swift */,
				3F294E251F7FDC0D00788ABC /* contactList.storyboard */,
			);
			name = "简易通讯录";
			sourceTree = "<group>";
		};
/* End PBXGroup section */

/* Begin PBXNativeTarget section */
		3F294E0C1F7D363800788ABC /* swiftDemo */ = {
			isa = PBXNativeTarget;
			buildConfigurationList = 3F294E1F1F7D363800788ABC /* Build configuration list for PBXNativeTarget "swiftDemo" */;
			buildPhases = (
				3F294E091F7D363800788ABC /* Sources */,
				3F294E0A1F7D363800788ABC /* Frameworks */,
				3F294E0B1F7D363800788ABC /* Resources */,
			);
			buildRules = (
			);
			dependencies = (
			);
			name = swiftDemo;
			productName = swiftDemo;
			productReference = 3F294E0D1F7D363800788ABC /* swiftDemo.app */;
			productType = "com.apple.product-type.application";
		};
/* End PBXNativeTarget section */

/* Begin PBXProject section */
		3F294E051F7D363800788ABC /* Project object */ = {
			isa = PBXProject;
			attributes = {
				LastSwiftUpdateCheck = 0810;
				LastUpgradeCheck = 0810;
				ORGANIZATIONNAME = l;
				TargetAttributes = {
					3F294E0C1F7D363800788ABC = {
						CreatedOnToolsVersion = 8.1;
						DevelopmentTeam = P9SB3ZQUFF;
						ProvisioningStyle = Automatic;
					};
				};
			};
			buildConfigurationList = 3F294E081F7D363800788ABC /* Build configuration list for PBXProject "swiftDemo" */;
			compatibilityVersion = "Xcode 3.2";
			developmentRegion = English;
			hasScannedForEncodings = 0;
			knownRegions = (
				en,
				Base,
			);
			mainGroup = 3F294E041F7D363800788ABC;
			productRefGroup = 3F294E0E1F7D363800788ABC /* Products */;
			projectDirPath = "";
			projectRoot = "";
			targets = (
				3F294E0C1F7D363800788ABC /* swiftDemo */,
			);
		};
/* End PBXProject section */

/* Begin PBXResourcesBuildPhase section */
		3F294E0B1F7D363800788ABC /* Resources */ = {
			isa = PBXResourcesBuildPhase;
			buildActionMask = 2147483647;
			files = (
				3F294E261F7FDC0D00788ABC /* contactList.storyboard in Resources */,
				3F294E2F1F8096D700788ABC /* LaunchScreen.storyboard in Resources */,
				3F294E181F7D363800788ABC /* Assets.xcassets in Resources */,
				3F294E331F80999700788ABC /* Main.storyboard in Resources */,
			);
			runOnlyForDeploymentPostprocessing = 0;
		};
/* End PBXResourcesBuildPhase section */

/* Begin PBXSourcesBuildPhase section */
		3F294E091F7D363800788ABC /* Sources */ = {
			isa = PBXSourcesBuildPhase;
			buildActionMask = 2147483647;
			files = (
				3F294E2D1F7FEB4100788ABC /* ContactorModel.swift in Sources */,
				3F294E291F7FE8B200788ABC /* WJContactListController.swift in Sources */,
				3F294E2B1F7FE8D700788ABC /* WJContactorDetailsController.swift in Sources */,
				3F294E131F7D363800788ABC /* ViewController.swift in Sources */,
				3F294E111F7D363800788ABC /* AppDelegate.swift in Sources */,
			);
			runOnlyForDeploymentPostprocessing = 0;
		};
/* End PBXSourcesBuildPhase section */

/* Begin XCBuildConfiguration section */
		3F294E1D1F7D363800788ABC /* Debug */ = {
			isa = XCBuildConfiguration;
			buildSettings = {
				ALWAYS_SEARCH_USER_PATHS = NO;
				CLANG_ANALYZER_NONNULL = YES;
				CLANG_CXX_LANGUAGE_STANDARD = "gnu++0x";
				CLANG_CXX_LIBRARY = "libc++";
				CLANG_ENABLE_MODULES = YES;
				CLANG_ENABLE_OBJC_ARC = YES;
				CLANG_WARN_BOOL_CONVERSION = YES;
				CLANG_WARN_CONSTANT_CONVERSION = YES;
				CLANG_WARN_DIRECT_OBJC_ISA_USAGE = YES_ERROR;
				CLANG_WARN_DOCUMENTATION_COMMENTS = YES;
				CLANG_WARN_EMPTY_BODY = YES;
				CLANG_WARN_ENUM_CONVERSION = YES;
				CLANG_WARN_INFINITE_RECURSION = YES;
				CLANG_WARN_INT_CONVERSION = YES;
				CLANG_WARN_OBJC_ROOT_CLASS = YES_ERROR;
				CLANG_WARN_SUSPICIOUS_MOVES = YES;
				CLANG_WARN_UNREACHABLE_CODE = YES;
				CLANG_WARN__DUPLICATE_METHOD_MATCH = YES;
				"CODE_SIGN_IDENTITY[sdk=iphoneos*]" = "iPhone Developer";
				COPY_PHASE_STRIP = NO;
				DEBUG_INFORMATION_FORMAT = dwarf;
				ENABLE_STRICT_OBJC_MSGSEND = YES;
				ENABLE_TESTABILITY = YES;
				GCC_C_LANGUAGE_STANDARD = gnu99;
				GCC_DYNAMIC_NO_PIC = NO;
				GCC_NO_COMMON_BLOCKS = YES;
				GCC_OPTIMIZATION_LEVEL = 0;
				GCC_PREPROCESSOR_DEFINITIONS = (
					"DEBUG=1",
					"$(inherited)",
				);
				GCC_WARN_64_TO_32_BIT_CONVERSION = YES;
				GCC_WARN_ABOUT_RETURN_TYPE = YES_ERROR;
				GCC_WARN_UNDECLARED_SELECTOR = YES;
				GCC_WARN_UNINITIALIZED_AUTOS = YES_AGGRESSIVE;
				GCC_WARN_UNUSED_FUNCTION = YES;
				GCC_WARN_UNUSED_VARIABLE = YES;
				IPHONEOS_DEPLOYMENT_TARGET = 10.1;
				MTL_ENABLE_DEBUG_INFO = YES;
				ONLY_ACTIVE_ARCH = YES;
				SDKROOT = iphoneos;
				SWIFT_ACTIVE_COMPILATION_CONDITIONS = DEBUG;
				SWIFT_OPTIMIZATION_LEVEL = "-Onone";
				TARGETED_DEVICE_FAMILY = 2;
			};
			name = Debug;
		};
		3F294E1E1F7D363800788ABC /* Release */ = {
			isa = XCBuildConfiguration;
			buildSettings = {
				ALWAYS_SEARCH_USER_PATHS = NO;
				CLANG_ANALYZER_NONNULL = YES;
				CLANG_CXX_LANGUAGE_STANDARD = "gnu++0x";
				CLANG_CXX_LIBRARY = "libc++";
				CLANG_ENABLE_MODULES = YES;
				CLANG_ENABLE_OBJC_ARC = YES;
				CLANG_WARN_BOOL_CONVERSION = YES;
				CLANG_WARN_CONSTANT_CONVERSION = YES;
				CLANG_WARN_DIRECT_OBJC_ISA_USAGE = YES_ERROR;
				CLANG_WARN_DOCUMENTATION_COMMENTS = YES;
				CLANG_WARN_EMPTY_BODY = YES;
				CLANG_WARN_ENUM_CONVERSION = YES;
				CLANG_WARN_INFINITE_RECURSION = YES;
				CLANG_WARN_INT_CONVERSION = YES;
				CLANG_WARN_OBJC_ROOT_CLASS = YES_ERROR;
				CLANG_WARN_SUSPICIOUS_MOVES = YES;
				CLANG_WARN_UNREACHABLE_CODE = YES;
				CLANG_WARN__DUPLICATE_METHOD_MATCH = YES;
				"CODE_SIGN_IDENTITY[sdk=iphoneos*]" = "iPhone Developer";
				COPY_PHASE_STRIP = NO;
				DEBUG_INFORMATION_FORMAT = "dwarf-with-dsym";
				ENABLE_NS_ASSERTIONS = NO;
				ENABLE_STRICT_OBJC_MSGSEND = YES;
				GCC_C_LANGUAGE_STANDARD = gnu99;
				GCC_NO_COMMON_BLOCKS = YES;
				GCC_WARN_64_TO_32_BIT_CONVERSION = YES;
				GCC_WARN_ABOUT_RETURN_TYPE = YES_ERROR;
				GCC_WARN_UNDECLARED_SELECTOR = YES;
				GCC_WARN_UNINITIALIZED_AUTOS = YES_AGGRESSIVE;
				GCC_WARN_UNUSED_FUNCTION = YES;
				GCC_WARN_UNUSED_VARIABLE = YES;
				IPHONEOS_DEPLOYMENT_TARGET = 10.1;
				MTL_ENABLE_DEBUG_INFO = NO;
				SDKROOT = iphoneos;
				SWIFT_OPTIMIZATION_LEVEL = "-Owholemodule";
				TARGETED_DEVICE_FAMILY = 2;
				VALIDATE_PRODUCT = YES;
			};
			name = Release;
		};
		3F294E201F7D363800788ABC /* Debug */ = {
			isa = XCBuildConfiguration;
			buildSettings = {
				ASSETCATALOG_COMPILER_APPICON_NAME = AppIcon;
				DEVELOPMENT_TEAM = P9SB3ZQUFF;
				INFOPLIST_FILE = swiftDemo/Info.plist;
				LD_RUNPATH_SEARCH_PATHS = "$(inherited) @executable_path/Frameworks";
				PRODUCT_BUNDLE_IDENTIFIER = cn.l.swiftDemo;
				PRODUCT_NAME = "$(TARGET_NAME)";
				SWIFT_VERSION = 3.0;
			};
			name = Debug;
		};
		3F294E211F7D363800788ABC /* Release */ = {
			isa = XCBuildConfiguration;
			buildSettings = {
				ASSETCATALOG_COMPILER_APPICON_NAME = AppIcon;
				DEVELOPMENT_TEAM = P9SB3ZQUFF;
				INFOPLIST_FILE = swiftDemo/Info.plist;
				LD_RUNPATH_SEARCH_PATHS = "$(inherited) @executable_path/Frameworks";
				PRODUCT_BUNDLE_IDENTIFIER = cn.l.swiftDemo;
				PRODUCT_NAME = "$(TARGET_NAME)";
				SWIFT_VERSION = 3.0;
			};
			name = Release;
		};
/* End XCBuildConfiguration section */

/* Begin XCConfigurationList section */
		3F294E081F7D363800788ABC /* Build configuration list for PBXProject "swiftDemo" */ = {
			isa = XCConfigurationList;
			buildConfigurations = (
				3F294E1D1F7D363800788ABC /* Debug */,
				3F294E1E1F7D363800788ABC /* Release */,
			);
			defaultConfigurationIsVisible = 0;
			defaultConfigurationName = Release;
		};
		3F294E1F1F7D363800788ABC /* Build configuration list for PBXNativeTarget "swiftDemo" */ = {
			isa = XCConfigurationList;
			buildConfigurations = (
				3F294E201F7D363800788ABC /* Debug */,
				3F294E211F7D363800788ABC /* Release */,
			);
			defaultConfigurationIsVisible = 0;
			defaultConfigurationName = Release;
		};
/* End XCConfigurationList section */
	};
	rootObject = 3F294E051F7D363800788ABC /* Project object */;
}
